{
  "name": "Majo-Wails-React",
  "lockfileVersion": 3,
  "requires": true,
  "packages": {
    "": {
      "dependencies": {
        "react-intl": "^7.1.6",
        "zustand": "^5.0.3"
      }
    },
    "node_modules/@formatjs/ecma402-abstract": {
      "version": "2.3.3",
      "resolved": "https://registry.npmjs.org/@formatjs/ecma402-abstract/-/ecma402-abstract-2.3.3.tgz",
      "integrity": "sha512-pJT1OkhplSmvvr6i3CWTPvC/FGC06MbN5TNBfRO6Ox62AEz90eMq+dVvtX9Bl3jxCEkS0tATzDarRZuOLw7oFg==",
      "dependencies": {
        "@formatjs/fast-memoize": "2.2.6",
        "@formatjs/intl-localematcher": "0.6.0",
        "decimal.js": "10",
        "tslib": "2"
      }
    },
    "node_modules/@formatjs/fast-memoize": {
      "version": "2.2.6",
      "resolved": "https://registry.npmjs.org/@formatjs/fast-memoize/-/fast-memoize-2.2.6.tgz",
      "integrity": "sha512-luIXeE2LJbQnnzotY1f2U2m7xuQNj2DA8Vq4ce1BY9ebRZaoPB1+8eZ6nXpLzsxuW5spQxr7LdCg+CApZwkqkw==",
      "dependencies": {
        "tslib": "2"
      }
    },
    "node_modules/@formatjs/icu-messageformat-parser": {
      "version": "2.11.1",
      "resolved": "https://registry.npmjs.org/@formatjs/icu-messageformat-parser/-/icu-messageformat-parser-2.11.1.tgz",
      "integrity": "sha512-o0AhSNaOfKoic0Sn1GkFCK4MxdRsw7mPJ5/rBpIqdvcC7MIuyUSW8WChUEvrK78HhNpYOgqCQbINxCTumJLzZA==",
      "dependencies": {
        "@formatjs/ecma402-abstract": "2.3.3",
        "@formatjs/icu-skeleton-parser": "1.8.13",
        "tslib": "2"
      }
    },
    "node_modules/@formatjs/icu-skeleton-parser": {
      "version": "1.8.13",
      "resolved": "https://registry.npmjs.org/@formatjs/icu-skeleton-parser/-/icu-skeleton-parser-1.8.13.tgz",
      "integrity": "sha512-N/LIdTvVc1TpJmMt2jVg0Fr1F7Q1qJPdZSCs19unMskCmVQ/sa0H9L8PWt13vq+gLdLg1+pPsvBLydL1Apahjg==",
      "dependencies": {
        "@formatjs/ecma402-abstract": "2.3.3",
        "tslib": "2"
      }
    },
    "node_modules/@formatjs/intl": {
      "version": "3.1.4",
      "resolved": "https://registry.npmjs.org/@formatjs/intl/-/intl-3.1.4.tgz",
      "integrity": "sha512-MBwjnRtDG+E3/QauEi2swZqikDQJjrP9vH6Hl1EtGVsQFZUAWsljtXaz2s1KBrtQEtFDJ0y/mGBHEdFwcUsvqQ==",
      "dependencies": {
        "@formatjs/ecma402-abstract": "2.3.3",
        "@formatjs/fast-memoize": "2.2.6",
        "@formatjs/icu-messageformat-parser": "2.11.1",
        "intl-messageformat": "10.7.15",
        "tslib": "2"
      },
      "peerDependencies": {
        "typescript": "5"
      },
      "peerDependenciesMeta": {
        "typescript": {
          "optional": true
        }
      }
    },
    "node_modules/@formatjs/intl-localematcher": {
      "version": "0.6.0",
      "resolved": "https://registry.npmjs.org/@formatjs/intl-localematcher/-/intl-localematcher-0.6.0.tgz",
      "integrity": "sha512-4rB4g+3hESy1bHSBG3tDFaMY2CH67iT7yne1e+0CLTsGLDcmoEWWpJjjpWVaYgYfYuohIRuo0E+N536gd2ZHZA==",
      "dependencies": {
        "tslib": "2"
      }
    },
    "node_modules/@types/hoist-non-react-statics": {
      "version": "3.3.6",
      "resolved": "https://registry.npmjs.org/@types/hoist-non-react-statics/-/hoist-non-react-statics-3.3.6.tgz",
      "integrity": "sha512-lPByRJUer/iN/xa4qpyL0qmL11DqNW81iU/IG1S3uvRUq4oKagz8VCxZjiWkumgt66YT3vOdDgZ0o32sGKtCEw==",
      "dependencies": {
        "@types/react": "*",
        "hoist-non-react-statics": "^3.3.0"
      }
    },
    "node_modules/@types/react": {
      "version": "19.0.10",
      "resolved": "https://registry.npmjs.org/@types/react/-/react-19.0.10.tgz",
      "integrity": "sha512-JuRQ9KXLEjaUNjTWpzuR231Z2WpIwczOkBEIvbHNCzQefFIT0L8IqE6NV6ULLyC1SI/i234JnDoMkfg+RjQj2g==",
      "dependencies": {
        "csstype": "^3.0.2"
      }
    },
    "node_modules/csstype": {
      "version": "3.1.3",
      "resolved": "https://registry.npmjs.org/csstype/-/csstype-3.1.3.tgz",
      "integrity": "sha512-M1uQkMl8rQK/szD0LNhtqxIPLpimGm8sOBwU7lLnCpSbTyY3yeU1Vc7l4KT5zT4s/yOxHH5O7tIuuLOCnLADRw=="
    },
    "node_modules/decimal.js": {
      "version": "10.5.0",
      "resolved": "https://registry.npmjs.org/decimal.js/-/decimal.js-10.5.0.tgz",
      "integrity": "sha512-8vDa8Qxvr/+d94hSh5P3IJwI5t8/c0KsMp+g8bNw9cY2icONa5aPfvKeieW1WlG0WQYwwhJ7mjui2xtiePQSXw=="
    },
    "node_modules/hoist-non-react-statics": {
      "version": "3.3.2",
      "resolved": "https://registry.npmjs.org/hoist-non-react-statics/-/hoist-non-react-statics-3.3.2.tgz",
      "integrity": "sha512-/gGivxi8JPKWNm/W0jSmzcMPpfpPLc3dY/6GxhX2hQ9iGj3aDfklV4ET7NjKpSinLpJ5vafa9iiGIEZg10SfBw==",
      "dependencies": {
        "react-is": "^16.7.0"
      }
    },
    "node_modules/intl-messageformat": {
      "version": "10.7.15",
      "resolved": "https://registry.npmjs.org/intl-messageformat/-/intl-messageformat-10.7.15.tgz",
      "integrity": "sha512-LRyExsEsefQSBjU2p47oAheoKz+EOJxSLDdjOaEjdriajfHsMXOmV/EhMvYSg9bAgCUHasuAC+mcUBe/95PfIg==",
      "dependencies": {
        "@formatjs/ecma402-abstract": "2.3.3",
        "@formatjs/fast-memoize": "2.2.6",
        "@formatjs/icu-messageformat-parser": "2.11.1",
        "tslib": "2"
      }
    },
    "node_modules/react": {
      "version": "19.0.0",
      "resolved": "https://registry.npmjs.org/react/-/react-19.0.0.tgz",
      "integrity": "sha512-V8AVnmPIICiWpGfm6GLzCR/W5FXLchHop40W4nXBmdlEceh16rCN8O8LNWm5bh5XUX91fh7KpA+W0TgMKmgTpQ==",
      "peer": true,
      "engines": {
        "node": ">=0.10.0"
      }
    },
    "node_modules/react-intl": {
      "version": "7.1.6",
      "resolved": "https://registry.npmjs.org/react-intl/-/react-intl-7.1.6.tgz",
      "integrity": "sha512-TgyzN0GJDILl4EIjbBWJddp+zRMx7IrYXeeUBwDisXfuglJaafAUVYYTx9wTWMRJrm2LubaCeH3L68mIPTmUYA==",
      "dependencies": {
        "@formatjs/ecma402-abstract": "2.3.3",
        "@formatjs/icu-messageformat-parser": "2.11.1",
        "@formatjs/intl": "3.1.4",
        "@types/hoist-non-react-statics": "3",
        "@types/react": "16 || 17 || 18 || 19",
        "hoist-non-react-statics": "3",
        "intl-messageformat": "10.7.15",
        "tslib": "2"
      },
      "peerDependencies": {
        "react": "^16.6.0 || 17 || 18 || 19",
        "typescript": "5"
      },
      "peerDependenciesMeta": {
        "typescript": {
          "optional": true
        }
      }
    },
    "node_modules/react-is": {
      "version": "16.13.1",
      "resolved": "https://registry.npmjs.org/react-is/-/react-is-16.13.1.tgz",
      "integrity": "sha512-24e6ynE2H+OKt4kqsOvNd8kBpV65zoxbA4BVsEOB3ARVWQki/DHzaUoC5KuON/BiccDaCCTZBuOcfZs70kR8bQ=="
    },
    "node_modules/tslib": {
      "version": "2.8.1",
      "resolved": "https://registry.npmjs.org/tslib/-/tslib-2.8.1.tgz",
      "integrity": "sha512-oJFu94HQb+KVduSUQL7wnpmqnfmLsOA/nAh6b6EH0wCEoK0/mPeXU6c3wKDV83MkOuHPRHtSXKKU99IBazS/2w=="
    },
    "node_modules/zustand": {
      "version": "5.0.3",
      "resolved": "https://registry.npmjs.org/zustand/-/zustand-5.0.3.tgz",
      "integrity": "sha512-14fwWQtU3pH4dE0dOpdMiWjddcH+QzKIgk1cl8epwSE7yag43k/AD/m4L6+K7DytAOr9gGBe3/EXj9g7cdostg==",
      "engines": {
        "node": ">=12.20.0"
      },
      "peerDependencies": {
        "@types/react": ">=18.0.0",
        "immer": ">=9.0.6",
        "react": ">=18.0.0",
        "use-sync-external-store": ">=1.2.0"
      },
      "peerDependenciesMeta": {
        "@types/react": {
          "optional": true
        },
        "immer": {
          "optional": true
        },
        "react": {
          "optional": true
        },
        "use-sync-external-store": {
          "optional": true
        }
      }
    }
  }
}
